<?xml version="1.0" encoding="UTF-8"?>
<Scheme
   version = "1.3">
   <BuildAction>
      <BuildActionEntries>
         <BuildActionEntry
            buildForRunning = "YES">
            <BuildableReference
               BuildableIdentifier = "primary"
               BlueprintIdentifier = "81B52E2D2FF5E7EA00EC0A11"
               BuildableName = "Qu Controller.app"
               BlueprintName = "Qu Controller"
               ReferencedContainer = "container:Qu Controller.xcodeproj">
            </BuildableReference>
         </BuildActionEntry>
      </BuildActionEntries>
   </BuildAction>
   <LaunchAction
      useCustomWorkingDirectory = "NO"
      buildConfiguration = "Debug"
      allowLocationSimulation = "YES">
      <BuildableProductRunnable>
         <BuildableReference
            BuildableIdentifier = "primary"
            BlueprintIdentifier = "81B52E2D2FF5E7EA00EC0A11"
            BuildableName = "Qu Controller.app"
            BlueprintName = "Qu Controller"
            ReferencedContainer = "container:Qu Controller.xcodeproj">
         </BuildableReference>
      </BuildableProductRunnable>
   </LaunchAction>
</Scheme>
